// !$*UTF8*$!
{
	archiveVersion = 1;
	classes = {
	};
	objectVersion = 50;
	objects = {

/* Begin PBXBuildFile section */
		158B617F26FB34EC0088B484 /* AppDelegate.swift in Sources */ = {isa = PBXBuildFile; fileRef = 158B617E26FB34EC0088B484 /* AppDelegate.swift */; };
		158B618126FB34EC0088B484 /* SceneDelegate.swift in Sources */ = {isa = PBXBuildFile; fileRef = 158B618026FB34EC0088B484 /* SceneDelegate.swift */; };
		158B618326FB34EC0088B484 /* ContentView.swift in Sources */ = {isa = PBXBuildFile; fileRef = 158B618226FB34EC0088B484 /* ContentView.swift */; };
		158B618526FB34ED0088B484 /* Assets.xcassets in Resources */ = {isa = PBXBuildFile; fileRef = 158B618426FB34ED0088B484 /* Assets.xcassets */; };
		158B618826FB34ED0088B484 /* Preview Assets.xcassets in Resources */ = {isa = PBXBuildFile; fileRef = 158B618726FB34ED0088B484 /* Preview Assets.xcassets */; };
		158B618B26FB34ED0088B484 /* LaunchScreen.storyboard in Resources */ = {isa = PBXBuildFile; fileRef = 158B618926FB34ED0088B484 /* LaunchScreen.storyboard */; };
		158B619326FB35570088B484 /* QuestionGenerator.swift in Sources */ = {isa = PBXBuildFile; fileRef = 158B619226FB35570088B484 /* QuestionGenerator.swift */; };
		158B619526FB35DB0088B484 /* QuestionView.swift in Sources */ = {isa = PBXBuildFile; fileRef = 158B619426FB35DB0088B484 /* QuestionView.swift */; };
/* End PBXBuildFile section */

/* Begin PBXFileReference section */
		158B617B26FB34EC0088B484 /* Challenge #3 - MultiplicationHell.app */ = {isa = PBXFileReference; explicitFileType = wrapper.application; includeInIndex = 0; path = "Challenge #3 - MultiplicationHell.app"; sourceTree = BUILT_PRODUCTS_DIR; };
		158B617E26FB34EC0088B484 /* AppDelegate.swift */ = {isa = PBXFileReference; lastKnownFileType = sourcecode.swift; path = AppDelegate.swift; sourceTree = "<group>"; };
		158B618026FB34EC0088B484 /* SceneDelegate.swift */ = {isa = PBXFileReference; lastKnownFileType = sourcecode.swift; path = SceneDelegate.swift; sourceTree = "<group>"; };
		158B618226FB34EC0088B484 /* ContentView.swift */ = {isa = PBXFileReference; lastKnownFileType = sourcecode.swift; path = ContentView.swift; sourceTree = "<group>"; };
		158B618426FB34ED0088B484 /* Assets.xcassets */ = {isa = PBXFileReference; lastKnownFileType = folder.assetcatalog; path = Assets.xcassets; sourceTree = "<group>"; };
		158B618726FB34ED0088B484 /* Preview Assets.xcassets */ = {isa = PBXFileReference; lastKnownFileType = folder.assetcatalog; path = "Preview Assets.xcassets"; sourceTree = "<group>"; };
		158B618A26FB34ED0088B484 /* Base */ = {isa = PBXFileReference; lastKnownFileType = file.storyboard; name = Base; path = Base.lproj/LaunchScreen.storyboard; sourceTree = "<group>"; };
		158B618C26FB34ED0088B484 /* Info.plist */ = {isa = PBXFileReference; lastKnownFileType = text.plist.xml; path = Info.plist; sourceTree = "<group>"; };
		158B619226FB35570088B484 /* QuestionGenerator.swift */ = {isa = PBXFileReference; fileEncoding = 4; lastKnownFileType = sourcecode.swift; path = QuestionGenerator.swift; sourceTree = "<group>"; };
		158B619426FB35DB0088B484 /* QuestionView.swift */ = {isa = PBXFileReference; lastKnownFileType = sourcecode.swift; path = QuestionView.swift; sourceTree = "<group>"; };
/* End PBXFileReference section */

/* Begin PBXFrameworksBuildPhase section */
		158B617826FB34EC0088B484 /* Frameworks */ = {
			isa = PBXFrameworksBuildPhase;
			buildActionMask = 2147483647;
			files = (
			);
			runOnlyForDeploymentPostprocessing = 0;
		};
/* End PBXFrameworksBuildPhase section */

/* Begin PBXGroup section */
		158B617226FB34EC0088B484 = {
			isa = PBXGroup;
			children = (
				158B617D26FB34EC0088B484 /* Challenge #3 - MultiplicationHell */,
				158B617C26FB34EC0088B484 /* Products */,
			);
			sourceTree = "<group>";
		};
		158B617C26FB34EC0088B484 /* Products */ = {
			isa = PBXGroup;
			children = (
				158B617B26FB34EC0088B484 /* Challenge #3 - MultiplicationHell.app */,
			);
			name = Products;
			sourceTree = "<group>";
		};
		158B617D26FB34EC0088B484 /* Challenge #3 - MultiplicationHell */ = {
			isa = PBXGroup;
			children = (
				158B617E26FB34EC0088B484 /* AppDelegate.swift */,
				158B618026FB34EC0088B484 /* SceneDelegate.swift */,
				158B619226FB35570088B484 /* QuestionGenerator.swift */,
				158B619426FB35DB0088B484 /* QuestionView.swift */,
				158B618226FB34EC0088B484 /* ContentView.swift */,
				158B618426FB34ED0088B484 /* Assets.xcassets */,
				158B618926FB34ED0088B484 /* LaunchScreen.storyboard */,
				158B618C26FB34ED0088B484 /* Info.plist */,
				158B618626FB34ED0088B484 /* Preview Content */,
			);
			path = "Challenge #3 - MultiplicationHell";
			sourceTree = "<group>";
		};
		158B618626FB34ED0088B484 /* Preview Content */ = {
			isa = PBXGroup;
			children = (
				158B618726FB34ED0088B484 /* Preview Assets.xcassets */,
			);
			path = "Preview Content";
			sourceTree = "<group>";
		};
/* End PBXGroup section */

/* Begin PBXNativeTarget section */
		158B617A26FB34EC0088B484 /* Challenge #3 - MultiplicationHell */ = {
			isa = PBXNativeTarget;
			buildConfigurationList = 158B618F26FB34ED0088B484 /* Build configuration list for PBXNativeTarget "Challenge #3 - MultiplicationHell" */;
			buildPhases = (
				158B617726FB34EC0088B484 /* Sources */,
				158B617826FB34EC0088B484 /* Frameworks */,
				158B617926FB34EC0088B484 /* Resources */,
			);
			buildRules = (
			);
			dependencies = (
			);
			name = "Challenge #3 - MultiplicationHell";
			productName = "Challenge #3 - MultiplicationHell";
			productReference = 158B617B26FB34EC0088B484 /* Challenge #3 - MultiplicationHell.app */;
			productType = "com.apple.product-type.application";
		};
/* End PBXNativeTarget section */

/* Begin PBXProject section */
		158B617326FB34EC0088B484 /* Project object */ = {
			isa = PBXProject;
			attributes = {
				LastSwiftUpdateCheck = 1250;
				LastUpgradeCheck = 1250;
				TargetAttributes = {
					158B617A26FB34EC0088B484 = {
						CreatedOnToolsVersion = 12.5.1;
					};
				};
			};
			buildConfigurationList = 158B617626FB34EC0088B484 /* Build configuration list for PBXProject "Challenge #3 - MultiplicationHell" */;
			compatibilityVersion = "Xcode 9.3";
			developmentRegion = en;
			hasScannedForEncodings = 0;
			knownRegions = (
				en,
				Base,
			);
			mainGroup = 158B617226FB34EC0088B484;
			productRefGroup = 158B617C26FB34EC0088B484 /* Products */;
			projectDirPath = "";
			projectRoot = "";
			targets = (
				158B617A26FB34EC0088B484 /* Challenge #3 - MultiplicationHell */,
			);
		};
/* End PBXProject section */

/* Begin PBXResourcesBuildPhase section */
		158B617926FB34EC0088B484 /* Resources */ = {
			isa = PBXResourcesBuildPhase;
			buildActionMask = 2147483647;
			files = (
				158B618B26FB34ED0088B484 /* LaunchScreen.storyboard in Resources */,
				158B618826FB34ED0088B484 /* Preview Assets.xcassets in Resources */,
				158B618526FB34ED0088B484 /* Assets.xcassets in Resources */,
			);
			runOnlyForDeploymentPostprocessing = 0;
		};
/* End PBXResourcesBuildPhase section */

/* Begin PBXSourcesBuildPhase section */
		158B617726FB34EC0088B484 /* Sources */ = {
			isa = PBXSourcesBuildPhase;
			buildActionMask = 2147483647;
			files = (
				158B619526FB35DB0088B484 /* QuestionView.swift in Sources */,
				158B617F26FB34EC0088B484 /* AppDelegate.swift in Sources */,
				158B619326FB35570088B484 /* QuestionGenerator.swift in Sources */,
				158B618126FB34EC0088B484 /* SceneDelegate.swift in Sources */,
				158B618326FB34EC0088B484 /* ContentView.swift in Sources */,
			);
			runOnlyForDeploymentPostprocessing = 0;
		};
/* End PBXSourcesBuildPhase section */

/* Begin PBXVariantGroup section */
		158B618926FB34ED0088B484 /* LaunchScreen.storyboard */ = {
			isa = PBXVariantGroup;
			children = (
				158B618A26FB34ED0088B484 /* Base */,
			);
			name = LaunchScreen.storyboard;
			sourceTree = "<group>";
		};
/* End PBXVariantGroup section */

/* Begin XCBuildConfiguration section */
		158B618D26FB34ED0088B484 /* Debug */ = {
			isa = XCBuildConfiguration;
			buildSettings = {
				ALWAYS_SEARCH_USER_PATHS = NO;
				CLANG_ANALYZER_NONNULL = YES;
				CLANG_ANALYZER_NUMBER_OBJECT_CONVERSION = YES_AGGRESSIVE;
				CLANG_CXX_LANGUAGE_STANDARD = "gnu++14";
				CLANG_CXX_LIBRARY = "libc++";
				CLANG_ENABLE_MODULES = YES;
				CLANG_ENABLE_OBJC_ARC = YES;
				CLANG_ENABLE_OBJC_WEAK = YES;
				CLANG_WARN_BLOCK_CAPTURE_AUTORELEASING = YES;
				CLANG_WARN_BOOL_CONVERSION = YES;
				CLANG_WARN_COMMA = YES;
				CLANG_WARN_CONSTANT_CONVERSION = YES;
				CLANG_WARN_DEPRECATED_OBJC_IMPLEMENTATIONS = YES;
				CLANG_WARN_DIRECT_OBJC_ISA_USAGE = YES_ERROR;
				CLANG_WARN_DOCUMENTATION_COMMENTS = YES;
				CLANG_WARN_EMPTY_BODY = YES;
				CLANG_WARN_ENUM_CONVERSION = YES;
				CLANG_WARN_INFINITE_RECURSION = YES;
				CLANG_WARN_INT_CONVERSION = YES;
				CLANG_WARN_NON_LITERAL_NULL_CONVERSION = YES;
				CLANG_WARN_OBJC_IMPLICIT_RETAIN_SELF = YES;
				CLANG_WARN_OBJC_LITERAL_CONVERSION = YES;
				CLANG_WARN_OBJC_ROOT_CLASS = YES_ERROR;
				CLANG_WARN_QUOTED_INCLUDE_IN_FRAMEWORK_HEADER = YES;
				CLANG_WARN_RANGE_LOOP_ANALYSIS = YES;
				CLANG_WARN_STRICT_PROTOTYPES = YES;
				CLANG_WARN_SUSPICIOUS_MOVE = YES;
				CLANG_WARN_UNGUARDED_AVAILABILITY = YES_AGGRESSIVE;
				CLANG_WARN_UNREACHABLE_CODE = YES;
				CLANG_WARN__DUPLICATE_METHOD_MATCH = YES;
				COPY_PHASE_STRIP = NO;
				DEBUG_INFORMATION_FORMAT = dwarf;
				ENABLE_STRICT_OBJC_MSGSEND = YES;
				ENABLE_TESTABILITY = YES;
				GCC_C_LANGUAGE_STANDARD = gnu11;
				GCC_DYNAMIC_NO_PIC = NO;
				GCC_NO_COMMON_BLOCKS = YES;
				GCC_OPTIMIZATION_LEVEL = 0;
				GCC_PREPROCESSOR_DEFINITIONS = (
					"DEBUG=1",
					"$(inherited)",
				);
				GCC_WARN_64_TO_32_BIT_CONVERSION = YES;
				GCC_WARN_ABOUT_RETURN_TYPE = YES_ERROR;
				GCC_WARN_UNDECLARED_SELECTOR = YES;
				GCC_WARN_UNINITIALIZED_AUTOS = YES_AGGRESSIVE;
				GCC_WARN_UNUSED_FUNCTION = YES;
				GCC_WARN_UNUSED_VARIABLE = YES;
				IPHONEOS_DEPLOYMENT_TARGET = 14.5;
				MTL_ENABLE_DEBUG_INFO = INCLUDE_SOURCE;
				MTL_FAST_MATH = YES;
				ONLY_ACTIVE_ARCH = YES;
				SDKROOT = iphoneos;
				SWIFT_ACTIVE_COMPILATION_CONDITIONS = DEBUG;
				SWIFT_OPTIMIZATION_LEVEL = "-Onone";
			};
			name = Debug;
		};
		158B618E26FB34ED0088B484 /* Release */ = {
			isa = XCBuildConfiguration;
			buildSettings = {
				ALWAYS_SEARCH_USER_PATHS = NO;
				CLANG_ANALYZER_NONNULL = YES;
				CLANG_ANALYZER_NUMBER_OBJECT_CONVERSION = YES_AGGRESSIVE;
				CLANG_CXX_LANGUAGE_STANDARD = "gnu++14";
				CLANG_CXX_LIBRARY = "libc++";
				CLANG_ENABLE_MODULES = YES;
				CLANG_ENABLE_OBJC_ARC = YES;
				CLANG_ENABLE_OBJC_WEAK = YES;
				CLANG_WARN_BLOCK_CAPTURE_AUTORELEASING = YES;
				CLANG_WARN_BOOL_CONVERSION = YES;
				CLANG_WARN_COMMA = YES;
				CLANG_WARN_CONSTANT_CONVERSION = YES;
				CLANG_WARN_DEPRECATED_OBJC_IMPLEMENTATIONS = YES;
				CLANG_WARN_DIRECT_OBJC_ISA_USAGE = YES_ERROR;
				CLANG_WARN_DOCUMENTATION_COMMENTS = YES;
				CLANG_WARN_EMPTY_BODY = YES;
				CLANG_WARN_ENUM_CONVERSION = YES;
				CLANG_WARN_INFINITE_RECURSION = YES;
				CLANG_WARN_INT_CONVERSION = YES;
				CLANG_WARN_NON_LITERAL_NULL_CONVERSION = YES;
				CLANG_WARN_OBJC_IMPLICIT_RETAIN_SELF = YES;
				CLANG_WARN_OBJC_LITERAL_CONVERSION = YES;
				CLANG_WARN_OBJC_ROOT_CLASS = YES_ERROR;
				CLANG_WARN_QUOTED_INCLUDE_IN_FRAMEWORK_HEADER = YES;
				CLANG_WARN_RANGE_LOOP_ANALYSIS = YES;
				CLANG_WARN_STRICT_PROTOTYPES = YES;
				CLANG_WARN_SUSPICIOUS_MOVE = YES;
				CLANG_WARN_UNGUARDED_AVAILABILITY = YES_AGGRESSIVE;
				CLANG_WARN_UNREACHABLE_CODE = YES;
				CLANG_WARN__DUPLICATE_METHOD_MATCH = YES;
				COPY_PHASE_STRIP = NO;
				DEBUG_INFORMATION_FORMAT = "dwarf-with-dsym";
				ENABLE_NS_ASSERTIONS = NO;
				ENABLE_STRICT_OBJC_MSGSEND = YES;
				GCC_C_LANGUAGE_STANDARD = gnu11;
				GCC_NO_COMMON_BLOCKS = YES;
				GCC_WARN_64_TO_32_BIT_CONVERSION = YES;
				GCC_WARN_ABOUT_RETURN_TYPE = YES_ERROR;
				GCC_WARN_UNDECLARED_SELECTOR = YES;
				GCC_WARN_UNINITIALIZED_AUTOS = YES_AGGRESSIVE;
				GCC_WARN_UNUSED_FUNCTION = YES;
				GCC_WARN_UNUSED_VARIABLE = YES;
				IPHONEOS_DEPLOYMENT_TARGET = 14.5;
				MTL_ENABLE_DEBUG_INFO = NO;
				MTL_FAST_MATH = YES;
				SDKROOT = iphoneos;
				SWIFT_COMPILATION_MODE = wholemodule;
				SWIFT_OPTIMIZATION_LEVEL = "-O";
				VALIDATE_PRODUCT = YES;
			};
			name = Release;
		};
		158B619026FB34ED0088B484 /* Debug */ = {
			isa = XCBuildConfiguration;
			buildSettings = {
				ASSETCATALOG_COMPILER_APPICON_NAME = AppIcon;
				ASSETCATALOG_COMPILER_GLOBAL_ACCENT_COLOR_NAME = AccentColor;
				CODE_SIGN_STYLE = Automatic;
				DEVELOPMENT_ASSET_PATHS = "\"Challenge #3 - MultiplicationHell/Preview Content\"";
				DEVELOPMENT_TEAM = 6P46HLU94P;
				ENABLE_PREVIEWS = YES;
				INFOPLIST_FILE = "Challenge #3 - MultiplicationHell/Info.plist";
				LD_RUNPATH_SEARCH_PATHS = (
					"$(inherited)",
					"@executable_path/Frameworks",
				);
				PRODUCT_BUNDLE_IDENTIFIER = "com.cobeisfresh.com.Challenge--3---MultiplicationHell";
				PRODUCT_NAME = "$(TARGET_NAME)";
				SWIFT_VERSION = 5.0;
				TARGETED_DEVICE_FAMILY = "1,2";
			};
			name = Debug;
		};
		158B619126FB34ED0088B484 /* Release */ = {
			isa = XCBuildConfiguration;
			buildSettings = {
				ASSETCATALOG_COMPILER_APPICON_NAME = AppIcon;
				ASSETCATALOG_COMPILER_GLOBAL_ACCENT_COLOR_NAME = AccentColor;
				CODE_SIGN_STYLE = Automatic;
				DEVELOPMENT_ASSET_PATHS = "\"Challenge #3 - MultiplicationHell/Preview Content\"";
				DEVELOPMENT_TEAM = 6P46HLU94P;
				ENABLE_PREVIEWS = YES;
				INFOPLIST_FILE = "Challenge #3 - MultiplicationHell/Info.plist";
				LD_RUNPATH_SEARCH_PATHS = (
					"$(inherited)",
					"@executable_path/Frameworks",
				);
				PRODUCT_BUNDLE_IDENTIFIER = "com.cobeisfresh.com.Challenge--3---MultiplicationHell";
				PRODUCT_NAME = "$(TARGET_NAME)";
				SWIFT_VERSION = 5.0;
				TARGETED_DEVICE_FAMILY = "1,2";
			};
			name = Release;
		};
/* End XCBuildConfiguration section */

/* Begin XCConfigurationList section */
		158B617626FB34EC0088B484 /* Build configuration list for PBXProject "Challenge #3 - MultiplicationHell" */ = {
			isa = XCConfigurationList;
			buildConfigurations = (
				158B618D26FB34ED0088B484 /* Debug */,
				158B618E26FB34ED0088B484 /* Release */,
			);
			defaultConfigurationIsVisible = 0;
			defaultConfigurationName = Release;
		};
		158B618F26FB34ED0088B484 /* Build configuration list for PBXNativeTarget "Challenge #3 - MultiplicationHell" */ = {
			isa = XCConfigurationList;
			buildConfigurations = (
				158B619026FB34ED0088B484 /* Debug */,
				158B619126FB34ED0088B484 /* Release */,
			);
			defaultConfigurationIsVisible = 0;
			defaultConfigurationName = Release;
		};
/* End XCConfigurationList section */
	};
	rootObject = 158B617326FB34EC0088B484 /* Project object */;
}
