// !$*UTF8*$!
{
	archiveVersion = 1;
	classes = {
	};
	objectVersion = 50;
	objects = {

/* Begin PBXBuildFile section */
		1591623127009077008AD8C8 /* AppDelegate.swift in Sources */ = {isa = PBXBuildFile; fileRef = 1591623027009077008AD8C8 /* AppDelegate.swift */; };
		1591623327009077008AD8C8 /* SceneDelegate.swift in Sources */ = {isa = PBXBuildFile; fileRef = 1591623227009077008AD8C8 /* SceneDelegate.swift */; };
		1591623527009077008AD8C8 /* ContentView.swift in Sources */ = {isa = PBXBuildFile; fileRef = 1591623427009077008AD8C8 /* ContentView.swift */; };
		1591623827009077008AD8C8 /* CoreDataProject.xcdatamodeld in Sources */ = {isa = PBXBuildFile; fileRef = 1591623627009077008AD8C8 /* CoreDataProject.xcdatamodeld */; };
		1591623A2700907B008AD8C8 /* Assets.xcassets in Resources */ = {isa = PBXBuildFile; fileRef = 159162392700907B008AD8C8 /* Assets.xcassets */; };
		1591623D2700907B008AD8C8 /* Preview Assets.xcassets in Resources */ = {isa = PBXBuildFile; fileRef = 1591623C2700907B008AD8C8 /* Preview Assets.xcassets */; };
		159162402700907B008AD8C8 /* LaunchScreen.storyboard in Resources */ = {isa = PBXBuildFile; fileRef = 1591623E2700907B008AD8C8 /* LaunchScreen.storyboard */; };
		159162542701AEAF008AD8C8 /* FilteredListView.swift in Sources */ = {isa = PBXBuildFile; fileRef = 159162532701AEAF008AD8C8 /* FilteredListView.swift */; };
/* End PBXBuildFile section */

/* Begin PBXFileReference section */
		1591622D27009077008AD8C8 /* Project #12 - CoreDataProject.app */ = {isa = PBXFileReference; explicitFileType = wrapper.application; includeInIndex = 0; path = "Project #12 - CoreDataProject.app"; sourceTree = BUILT_PRODUCTS_DIR; };
		1591623027009077008AD8C8 /* AppDelegate.swift */ = {isa = PBXFileReference; lastKnownFileType = sourcecode.swift; path = AppDelegate.swift; sourceTree = "<group>"; };
		1591623227009077008AD8C8 /* SceneDelegate.swift */ = {isa = PBXFileReference; lastKnownFileType = sourcecode.swift; path = SceneDelegate.swift; sourceTree = "<group>"; };
		1591623427009077008AD8C8 /* ContentView.swift */ = {isa = PBXFileReference; lastKnownFileType = sourcecode.swift; path = ContentView.swift; sourceTree = "<group>"; };
		1591623727009077008AD8C8 /* Project__12___CoreDataProject.xcdatamodel */ = {isa = PBXFileReference; lastKnownFileType = wrapper.xcdatamodel; path = "Project__12___CoreDataProject.xcdatamodel"; sourceTree = "<group>"; };
		159162392700907B008AD8C8 /* Assets.xcassets */ = {isa = PBXFileReference; lastKnownFileType = folder.assetcatalog; path = Assets.xcassets; sourceTree = "<group>"; };
		1591623C2700907B008AD8C8 /* Preview Assets.xcassets */ = {isa = PBXFileReference; lastKnownFileType = folder.assetcatalog; path = "Preview Assets.xcassets"; sourceTree = "<group>"; };
		1591623F2700907B008AD8C8 /* Base */ = {isa = PBXFileReference; lastKnownFileType = file.storyboard; name = Base; path = Base.lproj/LaunchScreen.storyboard; sourceTree = "<group>"; };
		159162412700907B008AD8C8 /* Info.plist */ = {isa = PBXFileReference; lastKnownFileType = text.plist.xml; path = Info.plist; sourceTree = "<group>"; };
		159162532701AEAF008AD8C8 /* FilteredListView.swift */ = {isa = PBXFileReference; lastKnownFileType = sourcecode.swift; path = FilteredListView.swift; sourceTree = "<group>"; };
/* End PBXFileReference section */

/* Begin PBXFrameworksBuildPhase section */
		1591622A27009077008AD8C8 /* Frameworks */ = {
			isa = PBXFrameworksBuildPhase;
			buildActionMask = 2147483647;
			files = (
			);
			runOnlyForDeploymentPostprocessing = 0;
		};
/* End PBXFrameworksBuildPhase section */

/* Begin PBXGroup section */
		1591622427009077008AD8C8 = {
			isa = PBXGroup;
			children = (
				1591622F27009077008AD8C8 /* Project #12 - CoreDataProject */,
				1591622E27009077008AD8C8 /* Products */,
			);
			sourceTree = "<group>";
		};
		1591622E27009077008AD8C8 /* Products */ = {
			isa = PBXGroup;
			children = (
				1591622D27009077008AD8C8 /* Project #12 - CoreDataProject.app */,
			);
			name = Products;
			sourceTree = "<group>";
		};
		1591622F27009077008AD8C8 /* Project #12 - CoreDataProject */ = {
			isa = PBXGroup;
			children = (
				1591623027009077008AD8C8 /* AppDelegate.swift */,
				1591623227009077008AD8C8 /* SceneDelegate.swift */,
				1591623427009077008AD8C8 /* ContentView.swift */,
				159162532701AEAF008AD8C8 /* FilteredListView.swift */,
				159162392700907B008AD8C8 /* Assets.xcassets */,
				1591623E2700907B008AD8C8 /* LaunchScreen.storyboard */,
				159162412700907B008AD8C8 /* Info.plist */,
				1591623627009077008AD8C8 /* CoreDataProject.xcdatamodeld */,
				1591623B2700907B008AD8C8 /* Preview Content */,
			);
			path = "Project #12 - CoreDataProject";
			sourceTree = "<group>";
		};
		1591623B2700907B008AD8C8 /* Preview Content */ = {
			isa = PBXGroup;
			children = (
				1591623C2700907B008AD8C8 /* Preview Assets.xcassets */,
			);
			path = "Preview Content";
			sourceTree = "<group>";
		};
/* End PBXGroup section */

/* Begin PBXNativeTarget section */
		1591622C27009077008AD8C8 /* Project #12 - CoreDataProject */ = {
			isa = PBXNativeTarget;
			buildConfigurationList = 159162442700907B008AD8C8 /* Build configuration list for PBXNativeTarget "Project #12 - CoreDataProject" */;
			buildPhases = (
				1591622927009077008AD8C8 /* Sources */,
				1591622A27009077008AD8C8 /* Frameworks */,
				1591622B27009077008AD8C8 /* Resources */,
			);
			buildRules = (
			);
			dependencies = (
			);
			name = "Project #12 - CoreDataProject";
			productName = "Project #12 - CoreDataProject";
			productReference = 1591622D27009077008AD8C8 /* Project #12 - CoreDataProject.app */;
			productType = "com.apple.product-type.application";
		};
/* End PBXNativeTarget section */

/* Begin PBXProject section */
		1591622527009077008AD8C8 /* Project object */ = {
			isa = PBXProject;
			attributes = {
				LastSwiftUpdateCheck = 1250;
				LastUpgradeCheck = 1250;
				TargetAttributes = {
					1591622C27009077008AD8C8 = {
						CreatedOnToolsVersion = 12.5.1;
					};
				};
			};
			buildConfigurationList = 1591622827009077008AD8C8 /* Build configuration list for PBXProject "Project #12 - CoreDataProject" */;
			compatibilityVersion = "Xcode 9.3";
			developmentRegion = en;
			hasScannedForEncodings = 0;
			knownRegions = (
				en,
				Base,
			);
			mainGroup = 1591622427009077008AD8C8;
			productRefGroup = 1591622E27009077008AD8C8 /* Products */;
			projectDirPath = "";
			projectRoot = "";
			targets = (
				1591622C27009077008AD8C8 /* Project #12 - CoreDataProject */,
			);
		};
/* End PBXProject section */

/* Begin PBXResourcesBuildPhase section */
		1591622B27009077008AD8C8 /* Resources */ = {
			isa = PBXResourcesBuildPhase;
			buildActionMask = 2147483647;
			files = (
				159162402700907B008AD8C8 /* LaunchScreen.storyboard in Resources */,
				1591623D2700907B008AD8C8 /* Preview Assets.xcassets in Resources */,
				1591623A2700907B008AD8C8 /* Assets.xcassets in Resources */,
			);
			runOnlyForDeploymentPostprocessing = 0;
		};
/* End PBXResourcesBuildPhase section */

/* Begin PBXSourcesBuildPhase section */
		1591622927009077008AD8C8 /* Sources */ = {
			isa = PBXSourcesBuildPhase;
			buildActionMask = 2147483647;
			files = (
				1591623127009077008AD8C8 /* AppDelegate.swift in Sources */,
				1591623827009077008AD8C8 /* CoreDataProject.xcdatamodeld in Sources */,
				159162542701AEAF008AD8C8 /* FilteredListView.swift in Sources */,
				1591623327009077008AD8C8 /* SceneDelegate.swift in Sources */,
				1591623527009077008AD8C8 /* ContentView.swift in Sources */,
			);
			runOnlyForDeploymentPostprocessing = 0;
		};
/* End PBXSourcesBuildPhase section */

/* Begin PBXVariantGroup section */
		1591623E2700907B008AD8C8 /* LaunchScreen.storyboard */ = {
			isa = PBXVariantGroup;
			children = (
				1591623F2700907B008AD8C8 /* Base */,
			);
			name = LaunchScreen.storyboard;
			sourceTree = "<group>";
		};
/* End PBXVariantGroup section */

/* Begin XCBuildConfiguration section */
		159162422700907B008AD8C8 /* Debug */ = {
			isa = XCBuildConfiguration;
			buildSettings = {
				ALWAYS_SEARCH_USER_PATHS = NO;
				CLANG_ANALYZER_NONNULL = YES;
				CLANG_ANALYZER_NUMBER_OBJECT_CONVERSION = YES_AGGRESSIVE;
				CLANG_CXX_LANGUAGE_STANDARD = "gnu++14";
				CLANG_CXX_LIBRARY = "libc++";
				CLANG_ENABLE_MODULES = YES;
				CLANG_ENABLE_OBJC_ARC = YES;
				CLANG_ENABLE_OBJC_WEAK = YES;
				CLANG_WARN_BLOCK_CAPTURE_AUTORELEASING = YES;
				CLANG_WARN_BOOL_CONVERSION = YES;
				CLANG_WARN_COMMA = YES;
				CLANG_WARN_CONSTANT_CONVERSION = YES;
				CLANG_WARN_DEPRECATED_OBJC_IMPLEMENTATIONS = YES;
				CLANG_WARN_DIRECT_OBJC_ISA_USAGE = YES_ERROR;
				CLANG_WARN_DOCUMENTATION_COMMENTS = YES;
				CLANG_WARN_EMPTY_BODY = YES;
				CLANG_WARN_ENUM_CONVERSION = YES;
				CLANG_WARN_INFINITE_RECURSION = YES;
				CLANG_WARN_INT_CONVERSION = YES;
				CLANG_WARN_NON_LITERAL_NULL_CONVERSION = YES;
				CLANG_WARN_OBJC_IMPLICIT_RETAIN_SELF = YES;
				CLANG_WARN_OBJC_LITERAL_CONVERSION = YES;
				CLANG_WARN_OBJC_ROOT_CLASS = YES_ERROR;
				CLANG_WARN_QUOTED_INCLUDE_IN_FRAMEWORK_HEADER = YES;
				CLANG_WARN_RANGE_LOOP_ANALYSIS = YES;
				CLANG_WARN_STRICT_PROTOTYPES = YES;
				CLANG_WARN_SUSPICIOUS_MOVE = YES;
				CLANG_WARN_UNGUARDED_AVAILABILITY = YES_AGGRESSIVE;
				CLANG_WARN_UNREACHABLE_CODE = YES;
				CLANG_WARN__DUPLICATE_METHOD_MATCH = YES;
				COPY_PHASE_STRIP = NO;
				DEBUG_INFORMATION_FORMAT = dwarf;
				ENABLE_STRICT_OBJC_MSGSEND = YES;
				ENABLE_TESTABILITY = YES;
				GCC_C_LANGUAGE_STANDARD = gnu11;
				GCC_DYNAMIC_NO_PIC = NO;
				GCC_NO_COMMON_BLOCKS = YES;
				GCC_OPTIMIZATION_LEVEL = 0;
				GCC_PREPROCESSOR_DEFINITIONS = (
					"DEBUG=1",
					"$(inherited)",
				);
				GCC_WARN_64_TO_32_BIT_CONVERSION = YES;
				GCC_WARN_ABOUT_RETURN_TYPE = YES_ERROR;
				GCC_WARN_UNDECLARED_SELECTOR = YES;
				GCC_WARN_UNINITIALIZED_AUTOS = YES_AGGRESSIVE;
				GCC_WARN_UNUSED_FUNCTION = YES;
				GCC_WARN_UNUSED_VARIABLE = YES;
				IPHONEOS_DEPLOYMENT_TARGET = 14.5;
				MTL_ENABLE_DEBUG_INFO = INCLUDE_SOURCE;
				MTL_FAST_MATH = YES;
				ONLY_ACTIVE_ARCH = YES;
				SDKROOT = iphoneos;
				SWIFT_ACTIVE_COMPILATION_CONDITIONS = DEBUG;
				SWIFT_OPTIMIZATION_LEVEL = "-Onone";
			};
			name = Debug;
		};
		159162432700907B008AD8C8 /* Release */ = {
			isa = XCBuildConfiguration;
			buildSettings = {
				ALWAYS_SEARCH_USER_PATHS = NO;
				CLANG_ANALYZER_NONNULL = YES;
				CLANG_ANALYZER_NUMBER_OBJECT_CONVERSION = YES_AGGRESSIVE;
				CLANG_CXX_LANGUAGE_STANDARD = "gnu++14";
				CLANG_CXX_LIBRARY = "libc++";
				CLANG_ENABLE_MODULES = YES;
				CLANG_ENABLE_OBJC_ARC = YES;
				CLANG_ENABLE_OBJC_WEAK = YES;
				CLANG_WARN_BLOCK_CAPTURE_AUTORELEASING = YES;
				CLANG_WARN_BOOL_CONVERSION = YES;
				CLANG_WARN_COMMA = YES;
				CLANG_WARN_CONSTANT_CONVERSION = YES;
				CLANG_WARN_DEPRECATED_OBJC_IMPLEMENTATIONS = YES;
				CLANG_WARN_DIRECT_OBJC_ISA_USAGE = YES_ERROR;
				CLANG_WARN_DOCUMENTATION_COMMENTS = YES;
				CLANG_WARN_EMPTY_BODY = YES;
				CLANG_WARN_ENUM_CONVERSION = YES;
				CLANG_WARN_INFINITE_RECURSION = YES;
				CLANG_WARN_INT_CONVERSION = YES;
				CLANG_WARN_NON_LITERAL_NULL_CONVERSION = YES;
				CLANG_WARN_OBJC_IMPLICIT_RETAIN_SELF = YES;
				CLANG_WARN_OBJC_LITERAL_CONVERSION = YES;
				CLANG_WARN_OBJC_ROOT_CLASS = YES_ERROR;
				CLANG_WARN_QUOTED_INCLUDE_IN_FRAMEWORK_HEADER = YES;
				CLANG_WARN_RANGE_LOOP_ANALYSIS = YES;
				CLANG_WARN_STRICT_PROTOTYPES = YES;
				CLANG_WARN_SUSPICIOUS_MOVE = YES;
				CLANG_WARN_UNGUARDED_AVAILABILITY = YES_AGGRESSIVE;
				CLANG_WARN_UNREACHABLE_CODE = YES;
				CLANG_WARN__DUPLICATE_METHOD_MATCH = YES;
				COPY_PHASE_STRIP = NO;
				DEBUG_INFORMATION_FORMAT = "dwarf-with-dsym";
				ENABLE_NS_ASSERTIONS = NO;
				ENABLE_STRICT_OBJC_MSGSEND = YES;
				GCC_C_LANGUAGE_STANDARD = gnu11;
				GCC_NO_COMMON_BLOCKS = YES;
				GCC_WARN_64_TO_32_BIT_CONVERSION = YES;
				GCC_WARN_ABOUT_RETURN_TYPE = YES_ERROR;
				GCC_WARN_UNDECLARED_SELECTOR = YES;
				GCC_WARN_UNINITIALIZED_AUTOS = YES_AGGRESSIVE;
				GCC_WARN_UNUSED_FUNCTION = YES;
				GCC_WARN_UNUSED_VARIABLE = YES;
				IPHONEOS_DEPLOYMENT_TARGET = 14.5;
				MTL_ENABLE_DEBUG_INFO = NO;
				MTL_FAST_MATH = YES;
				SDKROOT = iphoneos;
				SWIFT_COMPILATION_MODE = wholemodule;
				SWIFT_OPTIMIZATION_LEVEL = "-O";
				VALIDATE_PRODUCT = YES;
			};
			name = Release;
		};
		159162452700907B008AD8C8 /* Debug */ = {
			isa = XCBuildConfiguration;
			buildSettings = {
				ASSETCATALOG_COMPILER_APPICON_NAME = AppIcon;
				ASSETCATALOG_COMPILER_GLOBAL_ACCENT_COLOR_NAME = AccentColor;
				CODE_SIGN_STYLE = Automatic;
				DEVELOPMENT_ASSET_PATHS = "\"Project #12 - CoreDataProject/Preview Content\"";
				DEVELOPMENT_TEAM = 6P46HLU94P;
				ENABLE_PREVIEWS = YES;
				INFOPLIST_FILE = "Project #12 - CoreDataProject/Info.plist";
				LD_RUNPATH_SEARCH_PATHS = (
					"$(inherited)",
					"@executable_path/Frameworks",
				);
				PRODUCT_BUNDLE_IDENTIFIER = "com.cobeisfresh.com.Project--12---CoreDataProject";
				PRODUCT_NAME = "$(TARGET_NAME)";
				SWIFT_VERSION = 5.0;
				TARGETED_DEVICE_FAMILY = "1,2";
			};
			name = Debug;
		};
		159162462700907B008AD8C8 /* Release */ = {
			isa = XCBuildConfiguration;
			buildSettings = {
				ASSETCATALOG_COMPILER_APPICON_NAME = AppIcon;
				ASSETCATALOG_COMPILER_GLOBAL_ACCENT_COLOR_NAME = AccentColor;
				CODE_SIGN_STYLE = Automatic;
				DEVELOPMENT_ASSET_PATHS = "\"Project #12 - CoreDataProject/Preview Content\"";
				DEVELOPMENT_TEAM = 6P46HLU94P;
				ENABLE_PREVIEWS = YES;
				INFOPLIST_FILE = "Project #12 - CoreDataProject/Info.plist";
				LD_RUNPATH_SEARCH_PATHS = (
					"$(inherited)",
					"@executable_path/Frameworks",
				);
				PRODUCT_BUNDLE_IDENTIFIER = "com.cobeisfresh.com.Project--12---CoreDataProject";
				PRODUCT_NAME = "$(TARGET_NAME)";
				SWIFT_VERSION = 5.0;
				TARGETED_DEVICE_FAMILY = "1,2";
			};
			name = Release;
		};
/* End XCBuildConfiguration section */

/* Begin XCConfigurationList section */
		1591622827009077008AD8C8 /* Build configuration list for PBXProject "Project #12 - CoreDataProject" */ = {
			isa = XCConfigurationList;
			buildConfigurations = (
				159162422700907B008AD8C8 /* Debug */,
				159162432700907B008AD8C8 /* Release */,
			);
			defaultConfigurationIsVisible = 0;
			defaultConfigurationName = Release;
		};
		159162442700907B008AD8C8 /* Build configuration list for PBXNativeTarget "Project #12 - CoreDataProject" */ = {
			isa = XCConfigurationList;
			buildConfigurations = (
				159162452700907B008AD8C8 /* Debug */,
				159162462700907B008AD8C8 /* Release */,
			);
			defaultConfigurationIsVisible = 0;
			defaultConfigurationName = Release;
		};
/* End XCConfigurationList section */

/* Begin XCVersionGroup section */
		1591623627009077008AD8C8 /* CoreDataProject.xcdatamodeld */ = {
			isa = XCVersionGroup;
			children = (
				1591623727009077008AD8C8 /* Project__12___CoreDataProject.xcdatamodel */,
			);
			currentVersion = 1591623727009077008AD8C8 /* Project__12___CoreDataProject.xcdatamodel */;
			path = CoreDataProject.xcdatamodeld;
			sourceTree = "<group>";
			versionGroupType = wrapper.xcdatamodel;
		};
/* End XCVersionGroup section */
	};
	rootObject = 1591622527009077008AD8C8 /* Project object */;
}
