// !$*UTF8*$!
{
	archiveVersion = 1;
	classes = {
	};
	objectVersion = 50;
	objects = {

/* Begin PBXBuildFile section */
		1591621727007DB6008AD8C8 /* AddBookView.swift in Sources */ = {isa = PBXBuildFile; fileRef = 1591621627007DB6008AD8C8 /* AddBookView.swift */; };
		15916219270080C0008AD8C8 /* RatingView.swift in Sources */ = {isa = PBXBuildFile; fileRef = 15916218270080C0008AD8C8 /* RatingView.swift */; };
		1591621B270081E2008AD8C8 /* EmojiRatingView.swift in Sources */ = {isa = PBXBuildFile; fileRef = 1591621A270081E2008AD8C8 /* EmojiRatingView.swift */; };
		1591621D270082BB008AD8C8 /* DetailView.swift in Sources */ = {isa = PBXBuildFile; fileRef = 1591621C270082BB008AD8C8 /* DetailView.swift */; };
		1591621F27008ABF008AD8C8 /* BookRowView.swift in Sources */ = {isa = PBXBuildFile; fileRef = 1591621E27008ABF008AD8C8 /* BookRowView.swift */; };
		15AD84B626FFA6640047E80C /* AppDelegate.swift in Sources */ = {isa = PBXBuildFile; fileRef = 15AD84B526FFA6640047E80C /* AppDelegate.swift */; };
		15AD84B826FFA6640047E80C /* SceneDelegate.swift in Sources */ = {isa = PBXBuildFile; fileRef = 15AD84B726FFA6640047E80C /* SceneDelegate.swift */; };
		15AD84BA26FFA6640047E80C /* ContentView.swift in Sources */ = {isa = PBXBuildFile; fileRef = 15AD84B926FFA6640047E80C /* ContentView.swift */; };
		15AD84BF26FFA6710047E80C /* Assets.xcassets in Resources */ = {isa = PBXBuildFile; fileRef = 15AD84BE26FFA6710047E80C /* Assets.xcassets */; };
		15AD84C226FFA6710047E80C /* Preview Assets.xcassets in Resources */ = {isa = PBXBuildFile; fileRef = 15AD84C126FFA6710047E80C /* Preview Assets.xcassets */; };
		15AD84C526FFA6710047E80C /* LaunchScreen.storyboard in Resources */ = {isa = PBXBuildFile; fileRef = 15AD84C326FFA6710047E80C /* LaunchScreen.storyboard */; };
		15AD84CC270079D80047E80C /* Bookworm.xcdatamodeld in Sources */ = {isa = PBXBuildFile; fileRef = 15AD84BB26FFA6640047E80C /* Bookworm.xcdatamodeld */; };
/* End PBXBuildFile section */

/* Begin PBXFileReference section */
		1591621627007DB6008AD8C8 /* AddBookView.swift */ = {isa = PBXFileReference; lastKnownFileType = sourcecode.swift; path = AddBookView.swift; sourceTree = "<group>"; };
		15916218270080C0008AD8C8 /* RatingView.swift */ = {isa = PBXFileReference; lastKnownFileType = sourcecode.swift; path = RatingView.swift; sourceTree = "<group>"; };
		1591621A270081E2008AD8C8 /* EmojiRatingView.swift */ = {isa = PBXFileReference; lastKnownFileType = sourcecode.swift; path = EmojiRatingView.swift; sourceTree = "<group>"; };
		1591621C270082BB008AD8C8 /* DetailView.swift */ = {isa = PBXFileReference; lastKnownFileType = sourcecode.swift; path = DetailView.swift; sourceTree = "<group>"; };
		1591621E27008ABF008AD8C8 /* BookRowView.swift */ = {isa = PBXFileReference; lastKnownFileType = sourcecode.swift; path = BookRowView.swift; sourceTree = "<group>"; };
		15AD84B226FFA6640047E80C /* Project #11 - Bookworm.app */ = {isa = PBXFileReference; explicitFileType = wrapper.application; includeInIndex = 0; path = "Project #11 - Bookworm.app"; sourceTree = BUILT_PRODUCTS_DIR; };
		15AD84B526FFA6640047E80C /* AppDelegate.swift */ = {isa = PBXFileReference; lastKnownFileType = sourcecode.swift; path = AppDelegate.swift; sourceTree = "<group>"; };
		15AD84B726FFA6640047E80C /* SceneDelegate.swift */ = {isa = PBXFileReference; lastKnownFileType = sourcecode.swift; path = SceneDelegate.swift; sourceTree = "<group>"; };
		15AD84B926FFA6640047E80C /* ContentView.swift */ = {isa = PBXFileReference; lastKnownFileType = sourcecode.swift; path = ContentView.swift; sourceTree = "<group>"; };
		15AD84BC26FFA6640047E80C /* Project__11___Bookworm.xcdatamodel */ = {isa = PBXFileReference; lastKnownFileType = wrapper.xcdatamodel; path = "Project__11___Bookworm.xcdatamodel"; sourceTree = "<group>"; };
		15AD84BE26FFA6710047E80C /* Assets.xcassets */ = {isa = PBXFileReference; lastKnownFileType = folder.assetcatalog; path = Assets.xcassets; sourceTree = "<group>"; };
		15AD84C126FFA6710047E80C /* Preview Assets.xcassets */ = {isa = PBXFileReference; lastKnownFileType = folder.assetcatalog; path = "Preview Assets.xcassets"; sourceTree = "<group>"; };
		15AD84C426FFA6710047E80C /* Base */ = {isa = PBXFileReference; lastKnownFileType = file.storyboard; name = Base; path = Base.lproj/LaunchScreen.storyboard; sourceTree = "<group>"; };
		15AD84C626FFA6710047E80C /* Info.plist */ = {isa = PBXFileReference; lastKnownFileType = text.plist.xml; path = Info.plist; sourceTree = "<group>"; };
/* End PBXFileReference section */

/* Begin PBXFrameworksBuildPhase section */
		15AD84AF26FFA6640047E80C /* Frameworks */ = {
			isa = PBXFrameworksBuildPhase;
			buildActionMask = 2147483647;
			files = (
			);
			runOnlyForDeploymentPostprocessing = 0;
		};
/* End PBXFrameworksBuildPhase section */

/* Begin PBXGroup section */
		15AD84A926FFA6640047E80C = {
			isa = PBXGroup;
			children = (
				15AD84B426FFA6640047E80C /* Project #11 - Bookworm */,
				15AD84B326FFA6640047E80C /* Products */,
			);
			sourceTree = "<group>";
		};
		15AD84B326FFA6640047E80C /* Products */ = {
			isa = PBXGroup;
			children = (
				15AD84B226FFA6640047E80C /* Project #11 - Bookworm.app */,
			);
			name = Products;
			sourceTree = "<group>";
		};
		15AD84B426FFA6640047E80C /* Project #11 - Bookworm */ = {
			isa = PBXGroup;
			children = (
				15AD84B526FFA6640047E80C /* AppDelegate.swift */,
				15916218270080C0008AD8C8 /* RatingView.swift */,
				15AD84B726FFA6640047E80C /* SceneDelegate.swift */,
				15AD84B926FFA6640047E80C /* ContentView.swift */,
				1591621E27008ABF008AD8C8 /* BookRowView.swift */,
				1591621C270082BB008AD8C8 /* DetailView.swift */,
				1591621A270081E2008AD8C8 /* EmojiRatingView.swift */,
				15AD84BE26FFA6710047E80C /* Assets.xcassets */,
				15AD84C326FFA6710047E80C /* LaunchScreen.storyboard */,
				15AD84C626FFA6710047E80C /* Info.plist */,
				15AD84BB26FFA6640047E80C /* Bookworm.xcdatamodeld */,
				1591621627007DB6008AD8C8 /* AddBookView.swift */,
				15AD84C026FFA6710047E80C /* Preview Content */,
			);
			path = "Project #11 - Bookworm";
			sourceTree = "<group>";
		};
		15AD84C026FFA6710047E80C /* Preview Content */ = {
			isa = PBXGroup;
			children = (
				15AD84C126FFA6710047E80C /* Preview Assets.xcassets */,
			);
			path = "Preview Content";
			sourceTree = "<group>";
		};
/* End PBXGroup section */

/* Begin PBXNativeTarget section */
		15AD84B126FFA6640047E80C /* Project #11 - Bookworm */ = {
			isa = PBXNativeTarget;
			buildConfigurationList = 15AD84C926FFA6710047E80C /* Build configuration list for PBXNativeTarget "Project #11 - Bookworm" */;
			buildPhases = (
				15AD84AE26FFA6640047E80C /* Sources */,
				15AD84AF26FFA6640047E80C /* Frameworks */,
				15AD84B026FFA6640047E80C /* Resources */,
			);
			buildRules = (
			);
			dependencies = (
			);
			name = "Project #11 - Bookworm";
			productName = "Project #11 - Bookworm";
			productReference = 15AD84B226FFA6640047E80C /* Project #11 - Bookworm.app */;
			productType = "com.apple.product-type.application";
		};
/* End PBXNativeTarget section */

/* Begin PBXProject section */
		15AD84AA26FFA6640047E80C /* Project object */ = {
			isa = PBXProject;
			attributes = {
				LastSwiftUpdateCheck = 1250;
				LastUpgradeCheck = 1250;
				TargetAttributes = {
					15AD84B126FFA6640047E80C = {
						CreatedOnToolsVersion = 12.5.1;
					};
				};
			};
			buildConfigurationList = 15AD84AD26FFA6640047E80C /* Build configuration list for PBXProject "Project #11 - Bookworm" */;
			compatibilityVersion = "Xcode 9.3";
			developmentRegion = en;
			hasScannedForEncodings = 0;
			knownRegions = (
				en,
				Base,
			);
			mainGroup = 15AD84A926FFA6640047E80C;
			productRefGroup = 15AD84B326FFA6640047E80C /* Products */;
			projectDirPath = "";
			projectRoot = "";
			targets = (
				15AD84B126FFA6640047E80C /* Project #11 - Bookworm */,
			);
		};
/* End PBXProject section */

/* Begin PBXResourcesBuildPhase section */
		15AD84B026FFA6640047E80C /* Resources */ = {
			isa = PBXResourcesBuildPhase;
			buildActionMask = 2147483647;
			files = (
				15AD84C526FFA6710047E80C /* LaunchScreen.storyboard in Resources */,
				15AD84C226FFA6710047E80C /* Preview Assets.xcassets in Resources */,
				15AD84BF26FFA6710047E80C /* Assets.xcassets in Resources */,
			);
			runOnlyForDeploymentPostprocessing = 0;
		};
/* End PBXResourcesBuildPhase section */

/* Begin PBXSourcesBuildPhase section */
		15AD84AE26FFA6640047E80C /* Sources */ = {
			isa = PBXSourcesBuildPhase;
			buildActionMask = 2147483647;
			files = (
				15AD84B626FFA6640047E80C /* AppDelegate.swift in Sources */,
				1591621D270082BB008AD8C8 /* DetailView.swift in Sources */,
				1591621F27008ABF008AD8C8 /* BookRowView.swift in Sources */,
				15AD84B826FFA6640047E80C /* SceneDelegate.swift in Sources */,
				1591621B270081E2008AD8C8 /* EmojiRatingView.swift in Sources */,
				15AD84BA26FFA6640047E80C /* ContentView.swift in Sources */,
				15916219270080C0008AD8C8 /* RatingView.swift in Sources */,
				15AD84CC270079D80047E80C /* Bookworm.xcdatamodeld in Sources */,
				1591621727007DB6008AD8C8 /* AddBookView.swift in Sources */,
			);
			runOnlyForDeploymentPostprocessing = 0;
		};
/* End PBXSourcesBuildPhase section */

/* Begin PBXVariantGroup section */
		15AD84C326FFA6710047E80C /* LaunchScreen.storyboard */ = {
			isa = PBXVariantGroup;
			children = (
				15AD84C426FFA6710047E80C /* Base */,
			);
			name = LaunchScreen.storyboard;
			sourceTree = "<group>";
		};
/* End PBXVariantGroup section */

/* Begin XCBuildConfiguration section */
		15AD84C726FFA6710047E80C /* Debug */ = {
			isa = XCBuildConfiguration;
			buildSettings = {
				ALWAYS_SEARCH_USER_PATHS = NO;
				CLANG_ANALYZER_NONNULL = YES;
				CLANG_ANALYZER_NUMBER_OBJECT_CONVERSION = YES_AGGRESSIVE;
				CLANG_CXX_LANGUAGE_STANDARD = "gnu++14";
				CLANG_CXX_LIBRARY = "libc++";
				CLANG_ENABLE_MODULES = YES;
				CLANG_ENABLE_OBJC_ARC = YES;
				CLANG_ENABLE_OBJC_WEAK = YES;
				CLANG_WARN_BLOCK_CAPTURE_AUTORELEASING = YES;
				CLANG_WARN_BOOL_CONVERSION = YES;
				CLANG_WARN_COMMA = YES;
				CLANG_WARN_CONSTANT_CONVERSION = YES;
				CLANG_WARN_DEPRECATED_OBJC_IMPLEMENTATIONS = YES;
				CLANG_WARN_DIRECT_OBJC_ISA_USAGE = YES_ERROR;
				CLANG_WARN_DOCUMENTATION_COMMENTS = YES;
				CLANG_WARN_EMPTY_BODY = YES;
				CLANG_WARN_ENUM_CONVERSION = YES;
				CLANG_WARN_INFINITE_RECURSION = YES;
				CLANG_WARN_INT_CONVERSION = YES;
				CLANG_WARN_NON_LITERAL_NULL_CONVERSION = YES;
				CLANG_WARN_OBJC_IMPLICIT_RETAIN_SELF = YES;
				CLANG_WARN_OBJC_LITERAL_CONVERSION = YES;
				CLANG_WARN_OBJC_ROOT_CLASS = YES_ERROR;
				CLANG_WARN_QUOTED_INCLUDE_IN_FRAMEWORK_HEADER = YES;
				CLANG_WARN_RANGE_LOOP_ANALYSIS = YES;
				CLANG_WARN_STRICT_PROTOTYPES = YES;
				CLANG_WARN_SUSPICIOUS_MOVE = YES;
				CLANG_WARN_UNGUARDED_AVAILABILITY = YES_AGGRESSIVE;
				CLANG_WARN_UNREACHABLE_CODE = YES;
				CLANG_WARN__DUPLICATE_METHOD_MATCH = YES;
				COPY_PHASE_STRIP = NO;
				DEBUG_INFORMATION_FORMAT = dwarf;
				ENABLE_STRICT_OBJC_MSGSEND = YES;
				ENABLE_TESTABILITY = YES;
				GCC_C_LANGUAGE_STANDARD = gnu11;
				GCC_DYNAMIC_NO_PIC = NO;
				GCC_NO_COMMON_BLOCKS = YES;
				GCC_OPTIMIZATION_LEVEL = 0;
				GCC_PREPROCESSOR_DEFINITIONS = (
					"DEBUG=1",
					"$(inherited)",
				);
				GCC_WARN_64_TO_32_BIT_CONVERSION = YES;
				GCC_WARN_ABOUT_RETURN_TYPE = YES_ERROR;
				GCC_WARN_UNDECLARED_SELECTOR = YES;
				GCC_WARN_UNINITIALIZED_AUTOS = YES_AGGRESSIVE;
				GCC_WARN_UNUSED_FUNCTION = YES;
				GCC_WARN_UNUSED_VARIABLE = YES;
				IPHONEOS_DEPLOYMENT_TARGET = 14.5;
				MTL_ENABLE_DEBUG_INFO = INCLUDE_SOURCE;
				MTL_FAST_MATH = YES;
				ONLY_ACTIVE_ARCH = YES;
				SDKROOT = iphoneos;
				SWIFT_ACTIVE_COMPILATION_CONDITIONS = DEBUG;
				SWIFT_OPTIMIZATION_LEVEL = "-Onone";
			};
			name = Debug;
		};
		15AD84C826FFA6710047E80C /* Release */ = {
			isa = XCBuildConfiguration;
			buildSettings = {
				ALWAYS_SEARCH_USER_PATHS = NO;
				CLANG_ANALYZER_NONNULL = YES;
				CLANG_ANALYZER_NUMBER_OBJECT_CONVERSION = YES_AGGRESSIVE;
				CLANG_CXX_LANGUAGE_STANDARD = "gnu++14";
				CLANG_CXX_LIBRARY = "libc++";
				CLANG_ENABLE_MODULES = YES;
				CLANG_ENABLE_OBJC_ARC = YES;
				CLANG_ENABLE_OBJC_WEAK = YES;
				CLANG_WARN_BLOCK_CAPTURE_AUTORELEASING = YES;
				CLANG_WARN_BOOL_CONVERSION = YES;
				CLANG_WARN_COMMA = YES;
				CLANG_WARN_CONSTANT_CONVERSION = YES;
				CLANG_WARN_DEPRECATED_OBJC_IMPLEMENTATIONS = YES;
				CLANG_WARN_DIRECT_OBJC_ISA_USAGE = YES_ERROR;
				CLANG_WARN_DOCUMENTATION_COMMENTS = YES;
				CLANG_WARN_EMPTY_BODY = YES;
				CLANG_WARN_ENUM_CONVERSION = YES;
				CLANG_WARN_INFINITE_RECURSION = YES;
				CLANG_WARN_INT_CONVERSION = YES;
				CLANG_WARN_NON_LITERAL_NULL_CONVERSION = YES;
				CLANG_WARN_OBJC_IMPLICIT_RETAIN_SELF = YES;
				CLANG_WARN_OBJC_LITERAL_CONVERSION = YES;
				CLANG_WARN_OBJC_ROOT_CLASS = YES_ERROR;
				CLANG_WARN_QUOTED_INCLUDE_IN_FRAMEWORK_HEADER = YES;
				CLANG_WARN_RANGE_LOOP_ANALYSIS = YES;
				CLANG_WARN_STRICT_PROTOTYPES = YES;
				CLANG_WARN_SUSPICIOUS_MOVE = YES;
				CLANG_WARN_UNGUARDED_AVAILABILITY = YES_AGGRESSIVE;
				CLANG_WARN_UNREACHABLE_CODE = YES;
				CLANG_WARN__DUPLICATE_METHOD_MATCH = YES;
				COPY_PHASE_STRIP = NO;
				DEBUG_INFORMATION_FORMAT = "dwarf-with-dsym";
				ENABLE_NS_ASSERTIONS = NO;
				ENABLE_STRICT_OBJC_MSGSEND = YES;
				GCC_C_LANGUAGE_STANDARD = gnu11;
				GCC_NO_COMMON_BLOCKS = YES;
				GCC_WARN_64_TO_32_BIT_CONVERSION = YES;
				GCC_WARN_ABOUT_RETURN_TYPE = YES_ERROR;
				GCC_WARN_UNDECLARED_SELECTOR = YES;
				GCC_WARN_UNINITIALIZED_AUTOS = YES_AGGRESSIVE;
				GCC_WARN_UNUSED_FUNCTION = YES;
				GCC_WARN_UNUSED_VARIABLE = YES;
				IPHONEOS_DEPLOYMENT_TARGET = 14.5;
				MTL_ENABLE_DEBUG_INFO = NO;
				MTL_FAST_MATH = YES;
				SDKROOT = iphoneos;
				SWIFT_COMPILATION_MODE = wholemodule;
				SWIFT_OPTIMIZATION_LEVEL = "-O";
				VALIDATE_PRODUCT = YES;
			};
			name = Release;
		};
		15AD84CA26FFA6710047E80C /* Debug */ = {
			isa = XCBuildConfiguration;
			buildSettings = {
				ASSETCATALOG_COMPILER_APPICON_NAME = AppIcon;
				ASSETCATALOG_COMPILER_GLOBAL_ACCENT_COLOR_NAME = AccentColor;
				CODE_SIGN_STYLE = Automatic;
				DEVELOPMENT_ASSET_PATHS = "\"Project #11 - Bookworm/Preview Content\"";
				DEVELOPMENT_TEAM = 6P46HLU94P;
				ENABLE_PREVIEWS = YES;
				INFOPLIST_FILE = "Project #11 - Bookworm/Info.plist";
				LD_RUNPATH_SEARCH_PATHS = (
					"$(inherited)",
					"@executable_path/Frameworks",
				);
				PRODUCT_BUNDLE_IDENTIFIER = "com.cobeisfresh.com.Project--11---Bookworm";
				PRODUCT_NAME = "$(TARGET_NAME)";
				SWIFT_VERSION = 5.0;
				TARGETED_DEVICE_FAMILY = "1,2";
			};
			name = Debug;
		};
		15AD84CB26FFA6710047E80C /* Release */ = {
			isa = XCBuildConfiguration;
			buildSettings = {
				ASSETCATALOG_COMPILER_APPICON_NAME = AppIcon;
				ASSETCATALOG_COMPILER_GLOBAL_ACCENT_COLOR_NAME = AccentColor;
				CODE_SIGN_STYLE = Automatic;
				DEVELOPMENT_ASSET_PATHS = "\"Project #11 - Bookworm/Preview Content\"";
				DEVELOPMENT_TEAM = 6P46HLU94P;
				ENABLE_PREVIEWS = YES;
				INFOPLIST_FILE = "Project #11 - Bookworm/Info.plist";
				LD_RUNPATH_SEARCH_PATHS = (
					"$(inherited)",
					"@executable_path/Frameworks",
				);
				PRODUCT_BUNDLE_IDENTIFIER = "com.cobeisfresh.com.Project--11---Bookworm";
				PRODUCT_NAME = "$(TARGET_NAME)";
				SWIFT_VERSION = 5.0;
				TARGETED_DEVICE_FAMILY = "1,2";
			};
			name = Release;
		};
/* End XCBuildConfiguration section */

/* Begin XCConfigurationList section */
		15AD84AD26FFA6640047E80C /* Build configuration list for PBXProject "Project #11 - Bookworm" */ = {
			isa = XCConfigurationList;
			buildConfigurations = (
				15AD84C726FFA6710047E80C /* Debug */,
				15AD84C826FFA6710047E80C /* Release */,
			);
			defaultConfigurationIsVisible = 0;
			defaultConfigurationName = Release;
		};
		15AD84C926FFA6710047E80C /* Build configuration list for PBXNativeTarget "Project #11 - Bookworm" */ = {
			isa = XCConfigurationList;
			buildConfigurations = (
				15AD84CA26FFA6710047E80C /* Debug */,
				15AD84CB26FFA6710047E80C /* Release */,
			);
			defaultConfigurationIsVisible = 0;
			defaultConfigurationName = Release;
		};
/* End XCConfigurationList section */

/* Begin XCVersionGroup section */
		15AD84BB26FFA6640047E80C /* Bookworm.xcdatamodeld */ = {
			isa = XCVersionGroup;
			children = (
				15AD84BC26FFA6640047E80C /* Project__11___Bookworm.xcdatamodel */,
			);
			currentVersion = 15AD84BC26FFA6640047E80C /* Project__11___Bookworm.xcdatamodel */;
			path = Bookworm.xcdatamodeld;
			sourceTree = "<group>";
			versionGroupType = wrapper.xcdatamodel;
		};
/* End XCVersionGroup section */
	};
	rootObject = 15AD84AA26FFA6640047E80C /* Project object */;
}
