// !$*UTF8*$!
{
	archiveVersion = 1;
	classes = {
	};
	objectVersion = 50;
	objects = {

/* Begin PBXBuildFile section */
		157B783D26D5413E00F5F3FF /* AppDelegate.swift in Sources */ = {isa = PBXBuildFile; fileRef = 157B783C26D5413E00F5F3FF /* AppDelegate.swift */; };
		157B783F26D5413E00F5F3FF /* SceneDelegate.swift in Sources */ = {isa = PBXBuildFile; fileRef = 157B783E26D5413E00F5F3FF /* SceneDelegate.swift */; };
		157B784126D5413E00F5F3FF /* MemeMakerViewController.swift in Sources */ = {isa = PBXBuildFile; fileRef = 157B784026D5413E00F5F3FF /* MemeMakerViewController.swift */; };
		157B784426D5413E00F5F3FF /* Main.storyboard in Resources */ = {isa = PBXBuildFile; fileRef = 157B784226D5413E00F5F3FF /* Main.storyboard */; };
		157B784626D5413F00F5F3FF /* Assets.xcassets in Resources */ = {isa = PBXBuildFile; fileRef = 157B784526D5413F00F5F3FF /* Assets.xcassets */; };
		157B784926D5413F00F5F3FF /* LaunchScreen.storyboard in Resources */ = {isa = PBXBuildFile; fileRef = 157B784726D5413F00F5F3FF /* LaunchScreen.storyboard */; };
		157B785226D5419600F5F3FF /* MemeMakerView.swift in Sources */ = {isa = PBXBuildFile; fileRef = 157B785126D5419600F5F3FF /* MemeMakerView.swift */; };
/* End PBXBuildFile section */

/* Begin PBXFileReference section */
		157B783926D5413E00F5F3FF /* Challenge #10.app */ = {isa = PBXFileReference; explicitFileType = wrapper.application; includeInIndex = 0; path = "Challenge #10.app"; sourceTree = BUILT_PRODUCTS_DIR; };
		157B783C26D5413E00F5F3FF /* AppDelegate.swift */ = {isa = PBXFileReference; lastKnownFileType = sourcecode.swift; path = AppDelegate.swift; sourceTree = "<group>"; };
		157B783E26D5413E00F5F3FF /* SceneDelegate.swift */ = {isa = PBXFileReference; lastKnownFileType = sourcecode.swift; path = SceneDelegate.swift; sourceTree = "<group>"; };
		157B784026D5413E00F5F3FF /* MemeMakerViewController.swift */ = {isa = PBXFileReference; lastKnownFileType = sourcecode.swift; path = MemeMakerViewController.swift; sourceTree = "<group>"; };
		157B784326D5413E00F5F3FF /* Base */ = {isa = PBXFileReference; lastKnownFileType = file.storyboard; name = Base; path = Base.lproj/Main.storyboard; sourceTree = "<group>"; };
		157B784526D5413F00F5F3FF /* Assets.xcassets */ = {isa = PBXFileReference; lastKnownFileType = folder.assetcatalog; path = Assets.xcassets; sourceTree = "<group>"; };
		157B784826D5413F00F5F3FF /* Base */ = {isa = PBXFileReference; lastKnownFileType = file.storyboard; name = Base; path = Base.lproj/LaunchScreen.storyboard; sourceTree = "<group>"; };
		157B784A26D5413F00F5F3FF /* Info.plist */ = {isa = PBXFileReference; lastKnownFileType = text.plist.xml; path = Info.plist; sourceTree = "<group>"; };
		157B785126D5419600F5F3FF /* MemeMakerView.swift */ = {isa = PBXFileReference; lastKnownFileType = sourcecode.swift; path = MemeMakerView.swift; sourceTree = "<group>"; };
/* End PBXFileReference section */

/* Begin PBXFrameworksBuildPhase section */
		157B783626D5413E00F5F3FF /* Frameworks */ = {
			isa = PBXFrameworksBuildPhase;
			buildActionMask = 2147483647;
			files = (
			);
			runOnlyForDeploymentPostprocessing = 0;
		};
/* End PBXFrameworksBuildPhase section */

/* Begin PBXGroup section */
		157B783026D5413E00F5F3FF = {
			isa = PBXGroup;
			children = (
				157B783B26D5413E00F5F3FF /* Challenge #10 */,
				157B783A26D5413E00F5F3FF /* Products */,
			);
			sourceTree = "<group>";
		};
		157B783A26D5413E00F5F3FF /* Products */ = {
			isa = PBXGroup;
			children = (
				157B783926D5413E00F5F3FF /* Challenge #10.app */,
			);
			name = Products;
			sourceTree = "<group>";
		};
		157B783B26D5413E00F5F3FF /* Challenge #10 */ = {
			isa = PBXGroup;
			children = (
				157B783C26D5413E00F5F3FF /* AppDelegate.swift */,
				157B783E26D5413E00F5F3FF /* SceneDelegate.swift */,
				157B785026D5415800F5F3FF /* MemeMaker */,
				157B784226D5413E00F5F3FF /* Main.storyboard */,
				157B784526D5413F00F5F3FF /* Assets.xcassets */,
				157B784726D5413F00F5F3FF /* LaunchScreen.storyboard */,
				157B784A26D5413F00F5F3FF /* Info.plist */,
			);
			path = "Challenge #10";
			sourceTree = "<group>";
		};
		157B785026D5415800F5F3FF /* MemeMaker */ = {
			isa = PBXGroup;
			children = (
				157B784026D5413E00F5F3FF /* MemeMakerViewController.swift */,
				157B785126D5419600F5F3FF /* MemeMakerView.swift */,
			);
			path = MemeMaker;
			sourceTree = "<group>";
		};
/* End PBXGroup section */

/* Begin PBXNativeTarget section */
		157B783826D5413E00F5F3FF /* Challenge #10 */ = {
			isa = PBXNativeTarget;
			buildConfigurationList = 157B784D26D5413F00F5F3FF /* Build configuration list for PBXNativeTarget "Challenge #10" */;
			buildPhases = (
				157B783526D5413E00F5F3FF /* Sources */,
				157B783626D5413E00F5F3FF /* Frameworks */,
				157B783726D5413E00F5F3FF /* Resources */,
			);
			buildRules = (
			);
			dependencies = (
			);
			name = "Challenge #10";
			productName = "Challenge #10";
			productReference = 157B783926D5413E00F5F3FF /* Challenge #10.app */;
			productType = "com.apple.product-type.application";
		};
/* End PBXNativeTarget section */

/* Begin PBXProject section */
		157B783126D5413E00F5F3FF /* Project object */ = {
			isa = PBXProject;
			attributes = {
				LastSwiftUpdateCheck = 1250;
				LastUpgradeCheck = 1250;
				TargetAttributes = {
					157B783826D5413E00F5F3FF = {
						CreatedOnToolsVersion = 12.5.1;
					};
				};
			};
			buildConfigurationList = 157B783426D5413E00F5F3FF /* Build configuration list for PBXProject "Challenge #10" */;
			compatibilityVersion = "Xcode 9.3";
			developmentRegion = en;
			hasScannedForEncodings = 0;
			knownRegions = (
				en,
				Base,
			);
			mainGroup = 157B783026D5413E00F5F3FF;
			productRefGroup = 157B783A26D5413E00F5F3FF /* Products */;
			projectDirPath = "";
			projectRoot = "";
			targets = (
				157B783826D5413E00F5F3FF /* Challenge #10 */,
			);
		};
/* End PBXProject section */

/* Begin PBXResourcesBuildPhase section */
		157B783726D5413E00F5F3FF /* Resources */ = {
			isa = PBXResourcesBuildPhase;
			buildActionMask = 2147483647;
			files = (
				157B784926D5413F00F5F3FF /* LaunchScreen.storyboard in Resources */,
				157B784626D5413F00F5F3FF /* Assets.xcassets in Resources */,
				157B784426D5413E00F5F3FF /* Main.storyboard in Resources */,
			);
			runOnlyForDeploymentPostprocessing = 0;
		};
/* End PBXResourcesBuildPhase section */

/* Begin PBXSourcesBuildPhase section */
		157B783526D5413E00F5F3FF /* Sources */ = {
			isa = PBXSourcesBuildPhase;
			buildActionMask = 2147483647;
			files = (
				157B784126D5413E00F5F3FF /* MemeMakerViewController.swift in Sources */,
				157B785226D5419600F5F3FF /* MemeMakerView.swift in Sources */,
				157B783D26D5413E00F5F3FF /* AppDelegate.swift in Sources */,
				157B783F26D5413E00F5F3FF /* SceneDelegate.swift in Sources */,
			);
			runOnlyForDeploymentPostprocessing = 0;
		};
/* End PBXSourcesBuildPhase section */

/* Begin PBXVariantGroup section */
		157B784226D5413E00F5F3FF /* Main.storyboard */ = {
			isa = PBXVariantGroup;
			children = (
				157B784326D5413E00F5F3FF /* Base */,
			);
			name = Main.storyboard;
			sourceTree = "<group>";
		};
		157B784726D5413F00F5F3FF /* LaunchScreen.storyboard */ = {
			isa = PBXVariantGroup;
			children = (
				157B784826D5413F00F5F3FF /* Base */,
			);
			name = LaunchScreen.storyboard;
			sourceTree = "<group>";
		};
/* End PBXVariantGroup section */

/* Begin XCBuildConfiguration section */
		157B784B26D5413F00F5F3FF /* Debug */ = {
			isa = XCBuildConfiguration;
			buildSettings = {
				ALWAYS_SEARCH_USER_PATHS = NO;
				CLANG_ANALYZER_NONNULL = YES;
				CLANG_ANALYZER_NUMBER_OBJECT_CONVERSION = YES_AGGRESSIVE;
				CLANG_CXX_LANGUAGE_STANDARD = "gnu++14";
				CLANG_CXX_LIBRARY = "libc++";
				CLANG_ENABLE_MODULES = YES;
				CLANG_ENABLE_OBJC_ARC = YES;
				CLANG_ENABLE_OBJC_WEAK = YES;
				CLANG_WARN_BLOCK_CAPTURE_AUTORELEASING = YES;
				CLANG_WARN_BOOL_CONVERSION = YES;
				CLANG_WARN_COMMA = YES;
				CLANG_WARN_CONSTANT_CONVERSION = YES;
				CLANG_WARN_DEPRECATED_OBJC_IMPLEMENTATIONS = YES;
				CLANG_WARN_DIRECT_OBJC_ISA_USAGE = YES_ERROR;
				CLANG_WARN_DOCUMENTATION_COMMENTS = YES;
				CLANG_WARN_EMPTY_BODY = YES;
				CLANG_WARN_ENUM_CONVERSION = YES;
				CLANG_WARN_INFINITE_RECURSION = YES;
				CLANG_WARN_INT_CONVERSION = YES;
				CLANG_WARN_NON_LITERAL_NULL_CONVERSION = YES;
				CLANG_WARN_OBJC_IMPLICIT_RETAIN_SELF = YES;
				CLANG_WARN_OBJC_LITERAL_CONVERSION = YES;
				CLANG_WARN_OBJC_ROOT_CLASS = YES_ERROR;
				CLANG_WARN_QUOTED_INCLUDE_IN_FRAMEWORK_HEADER = YES;
				CLANG_WARN_RANGE_LOOP_ANALYSIS = YES;
				CLANG_WARN_STRICT_PROTOTYPES = YES;
				CLANG_WARN_SUSPICIOUS_MOVE = YES;
				CLANG_WARN_UNGUARDED_AVAILABILITY = YES_AGGRESSIVE;
				CLANG_WARN_UNREACHABLE_CODE = YES;
				CLANG_WARN__DUPLICATE_METHOD_MATCH = YES;
				COPY_PHASE_STRIP = NO;
				DEBUG_INFORMATION_FORMAT = dwarf;
				ENABLE_STRICT_OBJC_MSGSEND = YES;
				ENABLE_TESTABILITY = YES;
				GCC_C_LANGUAGE_STANDARD = gnu11;
				GCC_DYNAMIC_NO_PIC = NO;
				GCC_NO_COMMON_BLOCKS = YES;
				GCC_OPTIMIZATION_LEVEL = 0;
				GCC_PREPROCESSOR_DEFINITIONS = (
					"DEBUG=1",
					"$(inherited)",
				);
				GCC_WARN_64_TO_32_BIT_CONVERSION = YES;
				GCC_WARN_ABOUT_RETURN_TYPE = YES_ERROR;
				GCC_WARN_UNDECLARED_SELECTOR = YES;
				GCC_WARN_UNINITIALIZED_AUTOS = YES_AGGRESSIVE;
				GCC_WARN_UNUSED_FUNCTION = YES;
				GCC_WARN_UNUSED_VARIABLE = YES;
				IPHONEOS_DEPLOYMENT_TARGET = 14.5;
				MTL_ENABLE_DEBUG_INFO = INCLUDE_SOURCE;
				MTL_FAST_MATH = YES;
				ONLY_ACTIVE_ARCH = YES;
				SDKROOT = iphoneos;
				SWIFT_ACTIVE_COMPILATION_CONDITIONS = DEBUG;
				SWIFT_OPTIMIZATION_LEVEL = "-Onone";
			};
			name = Debug;
		};
		157B784C26D5413F00F5F3FF /* Release */ = {
			isa = XCBuildConfiguration;
			buildSettings = {
				ALWAYS_SEARCH_USER_PATHS = NO;
				CLANG_ANALYZER_NONNULL = YES;
				CLANG_ANALYZER_NUMBER_OBJECT_CONVERSION = YES_AGGRESSIVE;
				CLANG_CXX_LANGUAGE_STANDARD = "gnu++14";
				CLANG_CXX_LIBRARY = "libc++";
				CLANG_ENABLE_MODULES = YES;
				CLANG_ENABLE_OBJC_ARC = YES;
				CLANG_ENABLE_OBJC_WEAK = YES;
				CLANG_WARN_BLOCK_CAPTURE_AUTORELEASING = YES;
				CLANG_WARN_BOOL_CONVERSION = YES;
				CLANG_WARN_COMMA = YES;
				CLANG_WARN_CONSTANT_CONVERSION = YES;
				CLANG_WARN_DEPRECATED_OBJC_IMPLEMENTATIONS = YES;
				CLANG_WARN_DIRECT_OBJC_ISA_USAGE = YES_ERROR;
				CLANG_WARN_DOCUMENTATION_COMMENTS = YES;
				CLANG_WARN_EMPTY_BODY = YES;
				CLANG_WARN_ENUM_CONVERSION = YES;
				CLANG_WARN_INFINITE_RECURSION = YES;
				CLANG_WARN_INT_CONVERSION = YES;
				CLANG_WARN_NON_LITERAL_NULL_CONVERSION = YES;
				CLANG_WARN_OBJC_IMPLICIT_RETAIN_SELF = YES;
				CLANG_WARN_OBJC_LITERAL_CONVERSION = YES;
				CLANG_WARN_OBJC_ROOT_CLASS = YES_ERROR;
				CLANG_WARN_QUOTED_INCLUDE_IN_FRAMEWORK_HEADER = YES;
				CLANG_WARN_RANGE_LOOP_ANALYSIS = YES;
				CLANG_WARN_STRICT_PROTOTYPES = YES;
				CLANG_WARN_SUSPICIOUS_MOVE = YES;
				CLANG_WARN_UNGUARDED_AVAILABILITY = YES_AGGRESSIVE;
				CLANG_WARN_UNREACHABLE_CODE = YES;
				CLANG_WARN__DUPLICATE_METHOD_MATCH = YES;
				COPY_PHASE_STRIP = NO;
				DEBUG_INFORMATION_FORMAT = "dwarf-with-dsym";
				ENABLE_NS_ASSERTIONS = NO;
				ENABLE_STRICT_OBJC_MSGSEND = YES;
				GCC_C_LANGUAGE_STANDARD = gnu11;
				GCC_NO_COMMON_BLOCKS = YES;
				GCC_WARN_64_TO_32_BIT_CONVERSION = YES;
				GCC_WARN_ABOUT_RETURN_TYPE = YES_ERROR;
				GCC_WARN_UNDECLARED_SELECTOR = YES;
				GCC_WARN_UNINITIALIZED_AUTOS = YES_AGGRESSIVE;
				GCC_WARN_UNUSED_FUNCTION = YES;
				GCC_WARN_UNUSED_VARIABLE = YES;
				IPHONEOS_DEPLOYMENT_TARGET = 14.5;
				MTL_ENABLE_DEBUG_INFO = NO;
				MTL_FAST_MATH = YES;
				SDKROOT = iphoneos;
				SWIFT_COMPILATION_MODE = wholemodule;
				SWIFT_OPTIMIZATION_LEVEL = "-O";
				VALIDATE_PRODUCT = YES;
			};
			name = Release;
		};
		157B784E26D5413F00F5F3FF /* Debug */ = {
			isa = XCBuildConfiguration;
			buildSettings = {
				ASSETCATALOG_COMPILER_APPICON_NAME = AppIcon;
				ASSETCATALOG_COMPILER_GLOBAL_ACCENT_COLOR_NAME = AccentColor;
				CODE_SIGN_STYLE = Automatic;
				DEVELOPMENT_TEAM = 6P46HLU94P;
				INFOPLIST_FILE = "Challenge #10/Info.plist";
				LD_RUNPATH_SEARCH_PATHS = (
					"$(inherited)",
					"@executable_path/Frameworks",
				);
				PRODUCT_BUNDLE_IDENTIFIER = "com.cobeisfresh.Challenge--10";
				PRODUCT_NAME = "$(TARGET_NAME)";
				SWIFT_VERSION = 5.0;
				TARGETED_DEVICE_FAMILY = "1,2";
			};
			name = Debug;
		};
		157B784F26D5413F00F5F3FF /* Release */ = {
			isa = XCBuildConfiguration;
			buildSettings = {
				ASSETCATALOG_COMPILER_APPICON_NAME = AppIcon;
				ASSETCATALOG_COMPILER_GLOBAL_ACCENT_COLOR_NAME = AccentColor;
				CODE_SIGN_STYLE = Automatic;
				DEVELOPMENT_TEAM = 6P46HLU94P;
				INFOPLIST_FILE = "Challenge #10/Info.plist";
				LD_RUNPATH_SEARCH_PATHS = (
					"$(inherited)",
					"@executable_path/Frameworks",
				);
				PRODUCT_BUNDLE_IDENTIFIER = "com.cobeisfresh.Challenge--10";
				PRODUCT_NAME = "$(TARGET_NAME)";
				SWIFT_VERSION = 5.0;
				TARGETED_DEVICE_FAMILY = "1,2";
			};
			name = Release;
		};
/* End XCBuildConfiguration section */

/* Begin XCConfigurationList section */
		157B783426D5413E00F5F3FF /* Build configuration list for PBXProject "Challenge #10" */ = {
			isa = XCConfigurationList;
			buildConfigurations = (
				157B784B26D5413F00F5F3FF /* Debug */,
				157B784C26D5413F00F5F3FF /* Release */,
			);
			defaultConfigurationIsVisible = 0;
			defaultConfigurationName = Release;
		};
		157B784D26D5413F00F5F3FF /* Build configuration list for PBXNativeTarget "Challenge #10" */ = {
			isa = XCConfigurationList;
			buildConfigurations = (
				157B784E26D5413F00F5F3FF /* Debug */,
				157B784F26D5413F00F5F3FF /* Release */,
			);
			defaultConfigurationIsVisible = 0;
			defaultConfigurationName = Release;
		};
/* End XCConfigurationList section */
	};
	rootObject = 157B783126D5413E00F5F3FF /* Project object */;
}
